{
  "name": "quickjs-emscripten-smoketest",
  "version": "1.0.0",
  "lockfileVersion": 3,
  "requires": true,
  "packages": {
    "": {
      "name": "quickjs-emscripten-smoketest",
      "version": "1.0.0",
      "license": "MIT",
      "dependencies": {
        "@jitl/quickjs-ffi-types": "file:../../build/tar/@jitl-quickjs-ffi-types.tgz",
        "@jitl/quickjs-wasmfile-debug-asyncify": "file:../../build/tar/@jitl-quickjs-wasmfile-debug-asyncify.tgz",
        "@jitl/quickjs-wasmfile-debug-sync": "file:../../build/tar/@jitl-quickjs-wasmfile-debug-sync.tgz",
        "@jitl/quickjs-wasmfile-release-asyncify": "file:../../build/tar/@jitl-quickjs-wasmfile-release-asyncify.tgz",
        "@jitl/quickjs-wasmfile-release-sync": "file:../../build/tar/@jitl-quickjs-wasmfile-release-sync.tgz",
        "quickjs-emscripten": "file:../../build/tar/quickjs-emscripten.tgz",
        "quickjs-emscripten-core": "file:../../build/tar/quickjs-emscripten-core.tgz",
        "typescript": "5"
      }
    },
    "node_modules/@jitl/quickjs-ffi-types": {
      "version": "0.25.0-rc.5",
      "resolved": "file:../../build/tar/@jitl-quickjs-ffi-types.tgz",
      "integrity": "sha512-VHJ0mksU6dUz2P4ANZEQFERpxm2aZSb2hPIheCVAlFpxWkUmW4BUW+FZSZtF6KIEw5rkeYc+PsMhOe1xvt25zw=="
    },
    "node_modules/@jitl/quickjs-wasmfile-debug-asyncify": {
      "version": "0.25.0-rc.5",
      "resolved": "file:../../build/tar/@jitl-quickjs-wasmfile-debug-asyncify.tgz",
      "integrity": "sha512-5xHY5nAHw9HcqZyAGK7ZHrOCwg82C+JAZZSzAI5OTfMeYYarCipn/K1GzcEjmJSJXooLS1g4C7RMk+NTVPwKYQ==",
      "dependencies": {
        "@jitl/quickjs-ffi-types": "0.25.0-rc.5"
      }
    },
    "node_modules/@jitl/quickjs-wasmfile-debug-sync": {
      "version": "0.25.0-rc.5",
      "resolved": "file:../../build/tar/@jitl-quickjs-wasmfile-debug-sync.tgz",
      "integrity": "sha512-3zZJpHVHAyQjBOkVYoOZsmOPraCnFU6jqX68bPWyJAGzZbgpgsbfOVn/zrFCQAZSnXN5Agje4f79y3VhjjY2jg==",
      "dependencies": {
        "@jitl/quickjs-ffi-types": "0.25.0-rc.5"
      }
    },
    "node_modules/@jitl/quickjs-wasmfile-release-asyncify": {
      "version": "0.25.0-rc.5",
      "resolved": "file:../../build/tar/@jitl-quickjs-wasmfile-release-asyncify.tgz",
      "integrity": "sha512-HzKUH4inDrQTegUYERzlreOIUDpPFoRj0Ech7Obr5ITJMQBaEOASsFSJIIkHreiOYYRp+lE8BboFai86XGoA2A==",
      "dependencies": {
        "@jitl/quickjs-ffi-types": "0.25.0-rc.5"
      }
    },
    "node_modules/@jitl/quickjs-wasmfile-release-sync": {
      "version": "0.25.0-rc.5",
      "resolved": "file:../../build/tar/@jitl-quickjs-wasmfile-release-sync.tgz",
      "integrity": "sha512-NJMX1iYO8f2UCzKEyUNxc3zi2byVu1K9/7Lbb7jZTwsg80UDMGgKYLayVNxHur4qcXp67zIEwEa9Ec0t4E9n2A==",
      "dependencies": {
        "@jitl/quickjs-ffi-types": "0.25.0-rc.5"
      }
    },
    "node_modules/quickjs-emscripten": {
      "version": "0.25.0-rc.5",
      "resolved": "file:../../build/tar/quickjs-emscripten.tgz",
      "integrity": "sha512-qCK75oMbwTnzGWaQYd8ygUY5bo9+VsjMukHAz+e2z5cJDYSpZE0EMRuw5ASo9B6fwYOBC4wWl7H8lcGe2JY5SA==",
      "license": "MIT",
      "dependencies": {
        "@jitl/quickjs-wasmfile-debug-asyncify": "0.25.0-rc.5",
        "@jitl/quickjs-wasmfile-debug-sync": "0.25.0-rc.5",
        "@jitl/quickjs-wasmfile-release-asyncify": "0.25.0-rc.5",
        "@jitl/quickjs-wasmfile-release-sync": "0.25.0-rc.5",
        "quickjs-emscripten-core": "0.25.0-rc.5"
      },
      "engines": {
        "node": ">=14.6.0"
      }
    },
    "node_modules/quickjs-emscripten-core": {
      "version": "0.25.0-rc.5",
      "resolved": "file:../../build/tar/quickjs-emscripten-core.tgz",
      "integrity": "sha512-3KKBBW1DCVQcoYCQAm/XPGaTA7a4DdXON3XX57/HXJfD14HXLu8B2cGG+cRF0pTQBDktvrhRso58tIfZK+XTiw==",
      "license": "MIT",
      "dependencies": {
        "@jitl/quickjs-ffi-types": "0.25.0-rc.5"
      }
    },
    "node_modules/typescript": {
      "version": "5.3.3",
      "resolved": "https://registry.npmjs.org/typescript/-/typescript-5.3.3.tgz",
      "integrity": "sha512-pXWcraxM0uxAS+tN0AG/BF2TyqmHO014Z070UsJ+pFvYuRSq8KH8DmWpnbXe0pEPDHXZV3FcAbJkijJ5oNEnWw==",
      "bin": {
        "tsc": "bin/tsc",
        "tsserver": "bin/tsserver"
      },
      "engines": {
        "node": ">=14.17"
      }
    }
  }
}
