{
  "name": "quickjs-emscripten-smoketest",
  "version": "1.0.0",
  "lockfileVersion": 2,
  "requires": true,
  "packages": {
    "": {
      "name": "quickjs-emscripten-smoketest",
      "version": "1.0.0",
      "license": "MIT",
      "dependencies": {
        "@jitl/quickjs-browser-debug-asyncify-singlefile": "file:../../build/tar/@jitl-quickjs-browser-debug-asyncify-singlefile.tgz",
        "@jitl/quickjs-browser-debug-sync-singlefile": "file:../../build/tar/@jitl-quickjs-browser-debug-sync-singlefile.tgz",
        "@jitl/quickjs-browser-release-asyncify-singlefile": "file:../../build/tar/@jitl-quickjs-browser-release-asyncify-singlefile.tgz",
        "@jitl/quickjs-browser-release-sync-singlefile": "file:../../build/tar/@jitl-quickjs-browser-release-sync-singlefile.tgz",
        "@jitl/quickjs-ffi-types": "file:../../build/tar/@jitl-quickjs-ffi-types.tgz",
        "@jitl/quickjs-node-cjs-debug-asyncify-wasm": "file:../../build/tar/@jitl-quickjs-node-cjs-debug-asyncify-wasm.tgz",
        "@jitl/quickjs-node-cjs-debug-sync-wasm": "file:../../build/tar/@jitl-quickjs-node-cjs-debug-sync-wasm.tgz",
        "@jitl/quickjs-node-cjs-release-asyncify-wasm": "file:../../build/tar/@jitl-quickjs-node-cjs-release-asyncify-wasm.tgz",
        "@jitl/quickjs-node-cjs-release-sync-wasm": "file:../../build/tar/@jitl-quickjs-node-cjs-release-sync-wasm.tgz",
        "@jitl/quickjs-node-esm-debug-asyncify-wasm": "file:../../build/tar/@jitl-quickjs-node-esm-debug-asyncify-wasm.tgz",
        "@jitl/quickjs-node-esm-debug-sync-wasm": "file:../../build/tar/@jitl-quickjs-node-esm-debug-sync-wasm.tgz",
        "@jitl/quickjs-node-esm-release-asyncify-wasm": "file:../../build/tar/@jitl-quickjs-node-esm-release-asyncify-wasm.tgz",
        "@jitl/quickjs-node-esm-release-sync-wasm": "file:../../build/tar/@jitl-quickjs-node-esm-release-sync-wasm.tgz",
        "quickjs-emscripten": "file:../../build/tar/quickjs-emscripten.tgz",
        "quickjs-emscripten-core": "file:../../build/tar/quickjs-emscripten-core.tgz",
        "typescript": "5"
      }
    },
    "node_modules/@jitl/quickjs-browser-debug-asyncify-singlefile": {
      "version": "0.0.0",
      "resolved": "file:../../build/tar/@jitl-quickjs-browser-debug-asyncify-singlefile.tgz",
      "integrity": "sha512-85acTzj+dPdVBS5VNaM6awzeDrcotmed/UFxjpCY475BGx77DVyfaWaCchwb/z9UBu95NDKV7KvwH4Uq1oE9pA==",
      "dependencies": {
        "@jitl/quickjs-ffi-types": "0.0.0"
      }
    },
    "node_modules/@jitl/quickjs-browser-debug-sync-singlefile": {
      "version": "0.0.0",
      "resolved": "file:../../build/tar/@jitl-quickjs-browser-debug-sync-singlefile.tgz",
      "integrity": "sha512-PP32uP3SZoZheJispUnNQLWIJe3BStt1Yt4AZfB1pjPEGNF3BWtU50M7RuATP9YzIilVrgDWDW0pbhkvLzDgFw==",
      "dependencies": {
        "@jitl/quickjs-ffi-types": "0.0.0"
      }
    },
    "node_modules/@jitl/quickjs-browser-release-asyncify-singlefile": {
      "version": "0.0.0",
      "resolved": "file:../../build/tar/@jitl-quickjs-browser-release-asyncify-singlefile.tgz",
      "integrity": "sha512-D1UvQzYLaExD5cMnaqN//hI8gfrIOXtnzKeVdOJIc408JYegkKLhOP2n0EHbsET4o0+Y1pt2WVTvaeSBQhtutg==",
      "dependencies": {
        "@jitl/quickjs-ffi-types": "0.0.0"
      }
    },
    "node_modules/@jitl/quickjs-browser-release-sync-singlefile": {
      "version": "0.0.0",
      "resolved": "file:../../build/tar/@jitl-quickjs-browser-release-sync-singlefile.tgz",
      "integrity": "sha512-cyuhLi8aRHruOMlMozbdfrBg/h+BCOl7m4Od6JO4+DXO7PhZ6qHzSL6PwmC57d5joiLZmOmKSJhn/UnWXpEHrg==",
      "dependencies": {
        "@jitl/quickjs-ffi-types": "0.0.0"
      }
    },
    "node_modules/@jitl/quickjs-ffi-types": {
      "version": "0.0.0",
      "resolved": "file:../../build/tar/@jitl-quickjs-ffi-types.tgz",
      "integrity": "sha512-60y0//hL84KZZnOK/4mwYajOgzfx+jUn+QmeDq7bfLU2edHcGzD+iqNJA5w0Vc5NsThaG9zoQZwzO6oHthvK/Q=="
    },
    "node_modules/@jitl/quickjs-node-cjs-debug-asyncify-wasm": {
      "version": "0.0.0",
      "resolved": "file:../../build/tar/@jitl-quickjs-node-cjs-debug-asyncify-wasm.tgz",
      "integrity": "sha512-nabbZ7h1MAayi5LA9zq+w8HpJpzqyzFo5UDWwpRhMlEsjIqw3rOYFKFbTeTrYRLltQ+1kRcaYTcrehnh7K531g==",
      "dependencies": {
        "@jitl/quickjs-ffi-types": "0.0.0"
      }
    },
    "node_modules/@jitl/quickjs-node-cjs-debug-sync-wasm": {
      "version": "0.0.0",
      "resolved": "file:../../build/tar/@jitl-quickjs-node-cjs-debug-sync-wasm.tgz",
      "integrity": "sha512-NKyD/JqdHq5guLrNeWvRxG2h1Mj7pfjY2KTECuyBJdRr3UWwSJYjqxEEJaDk8eAfEehKWbvMe03Uxuiwf7XGhA==",
      "dependencies": {
        "@jitl/quickjs-ffi-types": "0.0.0"
      }
    },
    "node_modules/@jitl/quickjs-node-cjs-release-asyncify-wasm": {
      "version": "0.0.0",
      "resolved": "file:../../build/tar/@jitl-quickjs-node-cjs-release-asyncify-wasm.tgz",
      "integrity": "sha512-omID9B39hxiLoTcsL0ylTbzLOlnrawE6xyFXiwM/t6kw7o1R1KJDbfDJD5zsXMwp9lIo/aEM4woQA7a42vJOng==",
      "dependencies": {
        "@jitl/quickjs-ffi-types": "0.0.0"
      }
    },
    "node_modules/@jitl/quickjs-node-cjs-release-sync-wasm": {
      "version": "0.0.0",
      "resolved": "file:../../build/tar/@jitl-quickjs-node-cjs-release-sync-wasm.tgz",
      "integrity": "sha512-uuahaE2RDMlQ2nqNNnJPuuEb2hruW0RHz5rML2SLzTHq6KxI5FLFUdBw30EB1DqDWZhBS4rI4Iu2HNR+ksUTZw==",
      "dependencies": {
        "@jitl/quickjs-ffi-types": "0.0.0"
      }
    },
    "node_modules/@jitl/quickjs-node-esm-debug-asyncify-wasm": {
      "version": "0.0.0",
      "resolved": "file:../../build/tar/@jitl-quickjs-node-esm-debug-asyncify-wasm.tgz",
      "integrity": "sha512-sV1V2MhlAveKKmuEXRa9JIoBGuDIZzfZt69MkfhClviHgeN3M9FpJ+Pdm/3zvmRLhGEaNBLRe23plkLMbSKACQ==",
      "dependencies": {
        "@jitl/quickjs-ffi-types": "0.0.0"
      }
    },
    "node_modules/@jitl/quickjs-node-esm-debug-sync-wasm": {
      "version": "0.0.0",
      "resolved": "file:../../build/tar/@jitl-quickjs-node-esm-debug-sync-wasm.tgz",
      "integrity": "sha512-w3wjdSQtdAJKYXRIgwN67RA3fnBb8tefkxBH8HAOsHIdBhwD1lf5AsAle2g5Gqxq8En4nOtmU+VPprMJDqtPlQ==",
      "dependencies": {
        "@jitl/quickjs-ffi-types": "0.0.0"
      }
    },
    "node_modules/@jitl/quickjs-node-esm-release-asyncify-wasm": {
      "version": "0.0.0",
      "resolved": "file:../../build/tar/@jitl-quickjs-node-esm-release-asyncify-wasm.tgz",
      "integrity": "sha512-d/hp9t32d4EMuAuZZKRuDGEBLteA5c/DXJ2k/5LDa5WZ1IANipeTy1/9IAkRFuLJk9el00TU/FHsQyTmOp4h7w==",
      "dependencies": {
        "@jitl/quickjs-ffi-types": "0.0.0"
      }
    },
    "node_modules/@jitl/quickjs-node-esm-release-sync-wasm": {
      "version": "0.0.0",
      "resolved": "file:../../build/tar/@jitl-quickjs-node-esm-release-sync-wasm.tgz",
      "integrity": "sha512-36mwndx7DZxim4z1Xi35U21HIG7kI9nztrV6knkxlfiYfTSNIUGXuTBl3/NMU+3PZjJvZPB+tdHq1mjyOTULPw==",
      "dependencies": {
        "@jitl/quickjs-ffi-types": "0.0.0"
      }
    },
    "node_modules/quickjs-emscripten": {
      "version": "0.25.0",
      "resolved": "file:../../build/tar/quickjs-emscripten.tgz",
      "integrity": "sha512-YdLblqOZNvgAaV9RVYwiYT2fv7wSi2IzA6tIF+nmzRopG2tCC32eGCL99hElYO/3EEL/eLVwb4PHxsxaR3ti0A==",
      "license": "MIT",
      "dependencies": {
        "@jitl/quickjs-browser-debug-asyncify-singlefile": "0.0.0",
        "@jitl/quickjs-browser-debug-sync-singlefile": "0.0.0",
        "@jitl/quickjs-browser-release-asyncify-singlefile": "0.0.0",
        "@jitl/quickjs-browser-release-sync-singlefile": "0.0.0",
        "@jitl/quickjs-node-cjs-debug-asyncify-wasm": "0.0.0",
        "@jitl/quickjs-node-cjs-debug-sync-wasm": "0.0.0",
        "@jitl/quickjs-node-cjs-release-asyncify-wasm": "0.0.0",
        "@jitl/quickjs-node-cjs-release-sync-wasm": "0.0.0",
        "@jitl/quickjs-node-esm-debug-asyncify-wasm": "0.0.0",
        "@jitl/quickjs-node-esm-debug-sync-wasm": "0.0.0",
        "@jitl/quickjs-node-esm-release-asyncify-wasm": "0.0.0",
        "@jitl/quickjs-node-esm-release-sync-wasm": "0.0.0",
        "quickjs-emscripten-core": "0.25.0"
      }
    },
    "node_modules/quickjs-emscripten-core": {
      "version": "0.25.0",
      "resolved": "file:../../build/tar/quickjs-emscripten-core.tgz",
      "integrity": "sha512-yp+7br9RqWCgM7khQtDEu1ozJL2PvtTMAnk/RzUHrEArOChsh0NDUBdkqcrRM8q98UsgqEjd9I5mQQl0t1TuQQ==",
      "license": "MIT",
      "dependencies": {
        "@jitl/quickjs-ffi-types": "0.0.0"
      }
    },
    "node_modules/typescript": {
      "version": "5.3.3",
      "resolved": "https://registry.npmjs.org/typescript/-/typescript-5.3.3.tgz",
      "integrity": "sha512-pXWcraxM0uxAS+tN0AG/BF2TyqmHO014Z070UsJ+pFvYuRSq8KH8DmWpnbXe0pEPDHXZV3FcAbJkijJ5oNEnWw==",
      "bin": {
        "tsc": "bin/tsc",
        "tsserver": "bin/tsserver"
      },
      "engines": {
        "node": ">=14.17"
      }
    }
  },
  "dependencies": {
    "@jitl/quickjs-browser-debug-asyncify-singlefile": {
      "version": "file:../../build/tar/@jitl-quickjs-browser-debug-asyncify-singlefile.tgz",
      "integrity": "sha512-85acTzj+dPdVBS5VNaM6awzeDrcotmed/UFxjpCY475BGx77DVyfaWaCchwb/z9UBu95NDKV7KvwH4Uq1oE9pA==",
      "requires": {
        "@jitl/quickjs-ffi-types": "0.0.0"
      }
    },
    "@jitl/quickjs-browser-debug-sync-singlefile": {
      "version": "file:../../build/tar/@jitl-quickjs-browser-debug-sync-singlefile.tgz",
      "integrity": "sha512-PP32uP3SZoZheJispUnNQLWIJe3BStt1Yt4AZfB1pjPEGNF3BWtU50M7RuATP9YzIilVrgDWDW0pbhkvLzDgFw==",
      "requires": {
        "@jitl/quickjs-ffi-types": "0.0.0"
      }
    },
    "@jitl/quickjs-browser-release-asyncify-singlefile": {
      "version": "file:../../build/tar/@jitl-quickjs-browser-release-asyncify-singlefile.tgz",
      "integrity": "sha512-D1UvQzYLaExD5cMnaqN//hI8gfrIOXtnzKeVdOJIc408JYegkKLhOP2n0EHbsET4o0+Y1pt2WVTvaeSBQhtutg==",
      "requires": {
        "@jitl/quickjs-ffi-types": "0.0.0"
      }
    },
    "@jitl/quickjs-browser-release-sync-singlefile": {
      "version": "file:../../build/tar/@jitl-quickjs-browser-release-sync-singlefile.tgz",
      "integrity": "sha512-cyuhLi8aRHruOMlMozbdfrBg/h+BCOl7m4Od6JO4+DXO7PhZ6qHzSL6PwmC57d5joiLZmOmKSJhn/UnWXpEHrg==",
      "requires": {
        "@jitl/quickjs-ffi-types": "0.0.0"
      }
    },
    "@jitl/quickjs-ffi-types": {
      "version": "file:../../build/tar/@jitl-quickjs-ffi-types.tgz",
      "integrity": "sha512-60y0//hL84KZZnOK/4mwYajOgzfx+jUn+QmeDq7bfLU2edHcGzD+iqNJA5w0Vc5NsThaG9zoQZwzO6oHthvK/Q=="
    },
    "@jitl/quickjs-node-cjs-debug-asyncify-wasm": {
      "version": "file:../../build/tar/@jitl-quickjs-node-cjs-debug-asyncify-wasm.tgz",
      "integrity": "sha512-nabbZ7h1MAayi5LA9zq+w8HpJpzqyzFo5UDWwpRhMlEsjIqw3rOYFKFbTeTrYRLltQ+1kRcaYTcrehnh7K531g==",
      "requires": {
        "@jitl/quickjs-ffi-types": "0.0.0"
      }
    },
    "@jitl/quickjs-node-cjs-debug-sync-wasm": {
      "version": "file:../../build/tar/@jitl-quickjs-node-cjs-debug-sync-wasm.tgz",
      "integrity": "sha512-NKyD/JqdHq5guLrNeWvRxG2h1Mj7pfjY2KTECuyBJdRr3UWwSJYjqxEEJaDk8eAfEehKWbvMe03Uxuiwf7XGhA==",
      "requires": {
        "@jitl/quickjs-ffi-types": "0.0.0"
      }
    },
    "@jitl/quickjs-node-cjs-release-asyncify-wasm": {
      "version": "file:../../build/tar/@jitl-quickjs-node-cjs-release-asyncify-wasm.tgz",
      "integrity": "sha512-omID9B39hxiLoTcsL0ylTbzLOlnrawE6xyFXiwM/t6kw7o1R1KJDbfDJD5zsXMwp9lIo/aEM4woQA7a42vJOng==",
      "requires": {
        "@jitl/quickjs-ffi-types": "0.0.0"
      }
    },
    "@jitl/quickjs-node-cjs-release-sync-wasm": {
      "version": "file:../../build/tar/@jitl-quickjs-node-cjs-release-sync-wasm.tgz",
      "integrity": "sha512-uuahaE2RDMlQ2nqNNnJPuuEb2hruW0RHz5rML2SLzTHq6KxI5FLFUdBw30EB1DqDWZhBS4rI4Iu2HNR+ksUTZw==",
      "requires": {
        "@jitl/quickjs-ffi-types": "0.0.0"
      }
    },
    "@jitl/quickjs-node-esm-debug-asyncify-wasm": {
      "version": "file:../../build/tar/@jitl-quickjs-node-esm-debug-asyncify-wasm.tgz",
      "integrity": "sha512-sV1V2MhlAveKKmuEXRa9JIoBGuDIZzfZt69MkfhClviHgeN3M9FpJ+Pdm/3zvmRLhGEaNBLRe23plkLMbSKACQ==",
      "requires": {
        "@jitl/quickjs-ffi-types": "0.0.0"
      }
    },
    "@jitl/quickjs-node-esm-debug-sync-wasm": {
      "version": "file:../../build/tar/@jitl-quickjs-node-esm-debug-sync-wasm.tgz",
      "integrity": "sha512-w3wjdSQtdAJKYXRIgwN67RA3fnBb8tefkxBH8HAOsHIdBhwD1lf5AsAle2g5Gqxq8En4nOtmU+VPprMJDqtPlQ==",
      "requires": {
        "@jitl/quickjs-ffi-types": "0.0.0"
      }
    },
    "@jitl/quickjs-node-esm-release-asyncify-wasm": {
      "version": "file:../../build/tar/@jitl-quickjs-node-esm-release-asyncify-wasm.tgz",
      "integrity": "sha512-d/hp9t32d4EMuAuZZKRuDGEBLteA5c/DXJ2k/5LDa5WZ1IANipeTy1/9IAkRFuLJk9el00TU/FHsQyTmOp4h7w==",
      "requires": {
        "@jitl/quickjs-ffi-types": "0.0.0"
      }
    },
    "@jitl/quickjs-node-esm-release-sync-wasm": {
      "version": "file:../../build/tar/@jitl-quickjs-node-esm-release-sync-wasm.tgz",
      "integrity": "sha512-36mwndx7DZxim4z1Xi35U21HIG7kI9nztrV6knkxlfiYfTSNIUGXuTBl3/NMU+3PZjJvZPB+tdHq1mjyOTULPw==",
      "requires": {
        "@jitl/quickjs-ffi-types": "0.0.0"
      }
    },
    "quickjs-emscripten": {
      "version": "file:../../build/tar/quickjs-emscripten.tgz",
      "integrity": "sha512-YdLblqOZNvgAaV9RVYwiYT2fv7wSi2IzA6tIF+nmzRopG2tCC32eGCL99hElYO/3EEL/eLVwb4PHxsxaR3ti0A==",
      "requires": {
        "@jitl/quickjs-browser-debug-asyncify-singlefile": "0.0.0",
        "@jitl/quickjs-browser-debug-sync-singlefile": "0.0.0",
        "@jitl/quickjs-browser-release-asyncify-singlefile": "0.0.0",
        "@jitl/quickjs-browser-release-sync-singlefile": "0.0.0",
        "@jitl/quickjs-node-cjs-debug-asyncify-wasm": "0.0.0",
        "@jitl/quickjs-node-cjs-debug-sync-wasm": "0.0.0",
        "@jitl/quickjs-node-cjs-release-asyncify-wasm": "0.0.0",
        "@jitl/quickjs-node-cjs-release-sync-wasm": "0.0.0",
        "@jitl/quickjs-node-esm-debug-asyncify-wasm": "0.0.0",
        "@jitl/quickjs-node-esm-debug-sync-wasm": "0.0.0",
        "@jitl/quickjs-node-esm-release-asyncify-wasm": "0.0.0",
        "@jitl/quickjs-node-esm-release-sync-wasm": "0.0.0",
        "quickjs-emscripten-core": "0.25.0"
      }
    },
    "quickjs-emscripten-core": {
      "version": "file:../../build/tar/quickjs-emscripten-core.tgz",
      "integrity": "sha512-yp+7br9RqWCgM7khQtDEu1ozJL2PvtTMAnk/RzUHrEArOChsh0NDUBdkqcrRM8q98UsgqEjd9I5mQQl0t1TuQQ==",
      "requires": {
        "@jitl/quickjs-ffi-types": "0.0.0"
      }
    },
    "typescript": {
      "version": "5.3.3",
      "resolved": "https://registry.npmjs.org/typescript/-/typescript-5.3.3.tgz",
      "integrity": "sha512-pXWcraxM0uxAS+tN0AG/BF2TyqmHO014Z070UsJ+pFvYuRSq8KH8DmWpnbXe0pEPDHXZV3FcAbJkijJ5oNEnWw=="
    }
  }
}
