{
  "name": "quickjs-emscripten-smoketest",
  "version": "1.0.0",
  "lockfileVersion": 2,
  "requires": true,
  "packages": {
    "": {
      "name": "quickjs-emscripten-smoketest",
      "version": "1.0.0",
      "license": "MIT",
      "dependencies": {
        "quickjs-emscripten": "file:../../build/quickjs-emscripten.tgz",
        "typescript": "4.5.5"
      }
    },
    "node_modules/quickjs-emscripten": {
      "version": "0.24.0",
      "resolved": "file:../../build/quickjs-emscripten.tgz",
      "integrity": "sha512-42Gt8/8sORUsZec4381125CKMwwKTfe12WB+x5CsAeONb3kequDDG0VQvAMLgYZV75sJdbZN4TCZIWWFJeafgQ==",
      "license": "MIT"
    },
    "node_modules/typescript": {
      "version": "4.5.5",
      "resolved": "https://registry.npmjs.org/typescript/-/typescript-4.5.5.tgz",
      "integrity": "sha512-TCTIul70LyWe6IJWT8QSYeA54WQe8EjQFU4wY52Fasj5UKx88LNYKCgBEHcOMOrFF1rKGbD8v/xcNWVUq9SymA==",
      "bin": {
        "tsc": "bin/tsc",
        "tsserver": "bin/tsserver"
      },
      "engines": {
        "node": ">=4.2.0"
      }
    }
  },
  "dependencies": {
    "quickjs-emscripten": {
      "version": "file:../../build/quickjs-emscripten.tgz",
      "integrity": "sha512-42Gt8/8sORUsZec4381125CKMwwKTfe12WB+x5CsAeONb3kequDDG0VQvAMLgYZV75sJdbZN4TCZIWWFJeafgQ=="
    },
    "typescript": {
      "version": "4.5.5",
      "resolved": "https://registry.npmjs.org/typescript/-/typescript-4.5.5.tgz",
      "integrity": "sha512-TCTIul70LyWe6IJWT8QSYeA54WQe8EjQFU4wY52Fasj5UKx88LNYKCgBEHcOMOrFF1rKGbD8v/xcNWVUq9SymA=="
    }
  }
}
