# This file is generated by running "yarn install" inside your project.
# Manual changes might be lost - proceed with caution!

__metadata:
  version: 4
  cacheKey: 6

"quickjs-emscripten-smoketest@workspace:.":
  version: 0.0.0-use.local
  resolution: "quickjs-emscripten-smoketest@workspace:."
  dependencies:
    quickjs-emscripten: ../../build/quickjs-emscripten.tgz
    typescript: ^3.9.5
  languageName: unknown
  linkType: soft

"quickjs-emscripten@file:../../build/quickjs-emscripten.tgz::locator=quickjs-emscripten-smoketest%40workspace%3A.":
  version: 0.6.1
  resolution: "quickjs-emscripten@file:../../build/quickjs-emscripten.tgz::locator=quickjs-emscripten-smoketest%40workspace%3A."
  checksum: 1f9aa3b472ce90f70a5022c0537acf17af45c7fe4c7858d381137681cfc42ae04f3190f04c1a8b6196c7d944b264b6d26fe18a78621834b5c1f1144cb44ed7b5
  languageName: node
  linkType: hard

typescript@^3.9.5:
  version: 3.9.5
  resolution: "typescript@npm:3.9.5"
  bin:
    tsc: bin/tsc
    tsserver: bin/tsserver
  checksum: 15618435493667083eb43dc7b36c4d3dd47fd9e9c8a14f0ac4019bbf6124b6cc518b6ed506400913db1bf50831207ee8201b5d827680076930b562923f4f18a0
  languageName: node
  linkType: hard

"typescript@patch:typescript@^3.9.5#builtin<compat/typescript>":
  version: 3.9.5
  resolution: "typescript@patch:typescript@npm%3A3.9.5#builtin<compat/typescript>::version=3.9.5&hash=5b02a2"
  bin:
    tsc: bin/tsc
    tsserver: bin/tsserver
  checksum: 452cdd20d801630727433a990652c1e65f5eb5586383dda60f178b4fbda5c7951256f9aa31327c73722af9b1b664e3a53d724aabfd8a68866e9b1631818f004c
  languageName: node
  linkType: hard
