# THIS IS AN AUTOGENERATED FILE. DO NOT EDIT THIS FILE DIRECTLY.
# yarn lockfile v1


"quickjs-emscripten@file:../../build/quickjs-emscripten.tgz":
  "integrity" "sha512-zsmoyZgRQM3p+//njVseFyF1EPGQouNZD3mUzu7bVdiuejLG528XlZn5sEiPbrhCWq8VMo2XW8Nm01ZRTw8Bgg=="
  "resolved" "file:../../build/quickjs-emscripten.tgz"
  "version" "0.21.2"

"typescript@4.5.5":
  "integrity" "sha512-TCTIul70LyWe6IJWT8QSYeA54WQe8EjQFU4wY52Fasj5UKx88LNYKCgBEHcOMOrFF1rKGbD8v/xcNWVUq9SymA=="
  "resolved" "https://registry.npmjs.org/typescript/-/typescript-4.5.5.tgz"
  "version" "4.5.5"
