{
  "name": "quickjs-emscripten-minimal-smoketest",
  "version": "1.0.0",
  "lockfileVersion": 3,
  "requires": true,
  "packages": {
    "": {
      "name": "quickjs-emscripten-minimal-smoketest",
      "version": "1.0.0",
      "license": "MIT",
      "dependencies": {
        "@jitl/quickjs-ffi-types": "file:../../build/tar/@jitl-quickjs-ffi-types.tgz",
        "@jitl/quickjs-wasmfile-release-sync": "file:../../build/tar/@jitl-quickjs-wasmfile-release-sync.tgz",
        "quickjs-emscripten-core": "file:../../build/tar/quickjs-emscripten-core.tgz"
      }
    },
    "node_modules/@jitl/quickjs-ffi-types": {
      "version": "0.25.1",
      "resolved": "file:../../build/tar/@jitl-quickjs-ffi-types.tgz",
      "integrity": "sha512-rwE+Z6RxDpdRKX3i+V9zEO3vJ6D5mnq8APWr3WTG3u/rtQR5MboEbUkLlrHmS0ftYuEacLhBECGMKjBKdQcrIA=="
    },
    "node_modules/@jitl/quickjs-wasmfile-release-sync": {
      "version": "0.25.1",
      "resolved": "file:../../build/tar/@jitl-quickjs-wasmfile-release-sync.tgz",
      "integrity": "sha512-ONGiWzUe6MWoJezanVgOWYTisjJu4iKZsHfgBprvtoqWDaU82tk8VWOIa42lQng2ch6T2XeZjZHVnCKSB9uydw==",
      "dependencies": {
        "@jitl/quickjs-ffi-types": "0.25.1"
      }
    },
    "node_modules/quickjs-emscripten-core": {
      "version": "0.25.1",
      "resolved": "file:../../build/tar/quickjs-emscripten-core.tgz",
      "integrity": "sha512-S8LXDaZE92xEUi8D22SN1t5Uedsmep0Kr02vDIftmRJ4m6IsPTzvoZX4OD88W5Xdzl9qL/i/dPpNM1jhLu8P1Q==",
      "license": "MIT",
      "dependencies": {
        "@jitl/quickjs-ffi-types": "0.25.1"
      }
    }
  }
}
