{
  "name": "quickjs-emscripten-minimal-smoketest",
  "version": "1.0.0",
  "lockfileVersion": 3,
  "requires": true,
  "packages": {
    "": {
      "name": "quickjs-emscripten-minimal-smoketest",
      "version": "1.0.0",
      "license": "MIT",
      "dependencies": {
        "@jitl/quickjs-ffi-types": "file:../../build/tar/@jitl-quickjs-ffi-types.tgz",
        "@jitl/quickjs-wasmfile-release-sync": "file:../../build/tar/@jitl-quickjs-wasmfile-release-sync.tgz",
        "quickjs-emscripten-core": "file:../../build/tar/quickjs-emscripten-core.tgz"
      }
    },
    "node_modules/@jitl/quickjs-ffi-types": {
      "version": "0.27.0",
      "resolved": "file:../../build/tar/@jitl-quickjs-ffi-types.tgz",
      "integrity": "sha512-MWO0SgqjdisTkhm4h/dT2roTXqNdoJvi6THgizPP1tpzOxEmhI9qbQX7C26MDZFoj4rG/9Scqnt82ZWmB/GY3g=="
    },
    "node_modules/@jitl/quickjs-wasmfile-release-sync": {
      "version": "0.27.0",
      "resolved": "file:../../build/tar/@jitl-quickjs-wasmfile-release-sync.tgz",
      "integrity": "sha512-8YxCA85he2ZXE83W2r7sHGgNr/A6bA58xhwltpv94EvD060UbQJz6WzKeFrHj+nwyTDsQ/eJNUT1wflneiUFHw==",
      "dependencies": {
        "@jitl/quickjs-ffi-types": "0.27.0"
      }
    },
    "node_modules/quickjs-emscripten-core": {
      "version": "0.27.0",
      "resolved": "file:../../build/tar/quickjs-emscripten-core.tgz",
      "integrity": "sha512-rjxkeWBcwAVav8vR0o+ome+LDI8+v5pY93PZpBXS+1vf5Z8mN0mOR7t2YHDDxhc5b/albeF9FpDZDytoXh0RJQ==",
      "license": "MIT",
      "dependencies": {
        "@jitl/quickjs-ffi-types": "0.27.0"
      }
    }
  }
}
