{
  "name": "deno",
  "lockfileVersion": 3,
  "requires": true,
  "packages": {
    "": {
      "dependencies": {
        "quickjs-emscripten": "0.25.0"
      }
    },
    "node_modules/@jitl/quickjs-ffi-types": {
      "version": "0.25.0",
      "resolved": "https://registry.npmjs.org/@jitl/quickjs-ffi-types/-/quickjs-ffi-types-0.25.0.tgz",
      "integrity": "sha512-jqcg4aUsq7G5iXvAT0lwGUieUZ6G2QFSGbpYKuYpSLJn9m0a5Zt0Zho03CLWrMyDtMHZqxIe7EuF0AuoeoE90w=="
    },
    "node_modules/@jitl/quickjs-wasmfile-debug-asyncify": {
      "version": "0.25.0",
      "resolved": "https://registry.npmjs.org/@jitl/quickjs-wasmfile-debug-asyncify/-/quickjs-wasmfile-debug-asyncify-0.25.0.tgz",
      "integrity": "sha512-r9/BDT+NnMoAZrKQo1lDPR/uDM3sXbjjSkf4oyijKVZrEZOrq107jTmQWknWSlZ6cKaFwUanHw0uBDv0eGm1sg==",
      "dependencies": {
        "@jitl/quickjs-ffi-types": "0.25.0"
      }
    },
    "node_modules/@jitl/quickjs-wasmfile-debug-sync": {
      "version": "0.25.0",
      "resolved": "https://registry.npmjs.org/@jitl/quickjs-wasmfile-debug-sync/-/quickjs-wasmfile-debug-sync-0.25.0.tgz",
      "integrity": "sha512-awRQlIWRv8DFlVHnZduWzrXHwzkuARGwACMSN5YmtkmzlW9fLMMz9qcMlKjzRamQOWISmNxVL481LbrxjvLmEQ==",
      "dependencies": {
        "@jitl/quickjs-ffi-types": "0.25.0"
      }
    },
    "node_modules/@jitl/quickjs-wasmfile-release-asyncify": {
      "version": "0.25.0",
      "resolved": "https://registry.npmjs.org/@jitl/quickjs-wasmfile-release-asyncify/-/quickjs-wasmfile-release-asyncify-0.25.0.tgz",
      "integrity": "sha512-AS8CSrnmyfwf4HLkz1Qvz7GHdN/kk9M8JpQ1ZLHkJC2++kUfU/pbgX1Bg0iln9lAmgkYlGym6vtiQeb6UDDzNA==",
      "dependencies": {
        "@jitl/quickjs-ffi-types": "0.25.0"
      }
    },
    "node_modules/@jitl/quickjs-wasmfile-release-sync": {
      "version": "0.25.0",
      "resolved": "https://registry.npmjs.org/@jitl/quickjs-wasmfile-release-sync/-/quickjs-wasmfile-release-sync-0.25.0.tgz",
      "integrity": "sha512-JmJCtBjyOkQVMTedtqSA94cbz6b6FvDkWs5DQbNczSfQAlHyHzFDlNj3xssU1enxtWrcW5gnH24d+z9DgTUmbA==",
      "dependencies": {
        "@jitl/quickjs-ffi-types": "0.25.0"
      }
    },
    "node_modules/quickjs-emscripten": {
      "version": "0.25.0",
      "resolved": "https://registry.npmjs.org/quickjs-emscripten/-/quickjs-emscripten-0.25.0.tgz",
      "integrity": "sha512-9BL6I4VX+SZrEYa5xR7j5EI52BbkIS/t/v8UxvuE3H1NHjRk7Nb6CyB+XT/FRgBPiAE3CO0tjruri7r5uYs3Ug==",
      "dependencies": {
        "@jitl/quickjs-wasmfile-debug-asyncify": "0.25.0",
        "@jitl/quickjs-wasmfile-debug-sync": "0.25.0",
        "@jitl/quickjs-wasmfile-release-asyncify": "0.25.0",
        "@jitl/quickjs-wasmfile-release-sync": "0.25.0",
        "quickjs-emscripten-core": "0.25.0"
      },
      "engines": {
        "node": ">=16.0.0"
      }
    },
    "node_modules/quickjs-emscripten-core": {
      "version": "0.25.0",
      "resolved": "https://registry.npmjs.org/quickjs-emscripten-core/-/quickjs-emscripten-core-0.25.0.tgz",
      "integrity": "sha512-a0g99Izy2Mo8SKc+JZBAurM04gFzNq3Fxo+FNXSFlDhXFPBpyibMXXNReAhLpKle126VLpPG1/RLCkRQYrxLUg==",
      "dependencies": {
        "@jitl/quickjs-ffi-types": "0.25.0"
      }
    }
  }
}
