{
  "name": "quickjs-emscripten-smoketest",
  "version": "1.0.0",
  "lockfileVersion": 3,
  "requires": true,
  "packages": {
    "": {
      "name": "quickjs-emscripten-smoketest",
      "version": "1.0.0",
      "license": "MIT",
      "dependencies": {
        "@jitl/quickjs-ffi-types": "file:../../build/tar/@jitl-quickjs-ffi-types.tgz",
        "@jitl/quickjs-wasmfile-debug-asyncify": "file:../../build/tar/@jitl-quickjs-wasmfile-debug-asyncify.tgz",
        "@jitl/quickjs-wasmfile-debug-sync": "file:../../build/tar/@jitl-quickjs-wasmfile-debug-sync.tgz",
        "@jitl/quickjs-wasmfile-release-asyncify": "file:../../build/tar/@jitl-quickjs-wasmfile-release-asyncify.tgz",
        "@jitl/quickjs-wasmfile-release-sync": "file:../../build/tar/@jitl-quickjs-wasmfile-release-sync.tgz",
        "quickjs-emscripten": "file:../../build/tar/quickjs-emscripten.tgz",
        "quickjs-emscripten-core": "file:../../build/tar/quickjs-emscripten-core.tgz",
        "typescript": "5"
      }
    },
    "node_modules/@jitl/quickjs-ffi-types": {
      "version": "0.27.0",
      "resolved": "file:../../build/tar/@jitl-quickjs-ffi-types.tgz",
      "integrity": "sha512-MWO0SgqjdisTkhm4h/dT2roTXqNdoJvi6THgizPP1tpzOxEmhI9qbQX7C26MDZFoj4rG/9Scqnt82ZWmB/GY3g=="
    },
    "node_modules/@jitl/quickjs-wasmfile-debug-asyncify": {
      "version": "0.27.0",
      "resolved": "file:../../build/tar/@jitl-quickjs-wasmfile-debug-asyncify.tgz",
      "integrity": "sha512-btcmw95wTdHiLTNdys2v50ooZXJ4iRvjntmbEwXFJgCydno+hBOK6C5YD5kmNi9Ya7pQbV0oj3MNA0BHCC3YEA==",
      "dependencies": {
        "@jitl/quickjs-ffi-types": "0.27.0"
      }
    },
    "node_modules/@jitl/quickjs-wasmfile-debug-sync": {
      "version": "0.27.0",
      "resolved": "file:../../build/tar/@jitl-quickjs-wasmfile-debug-sync.tgz",
      "integrity": "sha512-EDLx4l2yBxW/TuYeJl1jNhUUg0NarBRqk8XZr47u55oqAYf7Xm47MTDBwRkPGFOv9V8oNQWe0bsDNwEmXOKxaw==",
      "dependencies": {
        "@jitl/quickjs-ffi-types": "0.27.0"
      }
    },
    "node_modules/@jitl/quickjs-wasmfile-release-asyncify": {
      "version": "0.27.0",
      "resolved": "file:../../build/tar/@jitl-quickjs-wasmfile-release-asyncify.tgz",
      "integrity": "sha512-q0EOPDegItxm7Yb/LN1W7pg7jdB5gQzdXNgWu9T3zaV/qgdCj2AFaOSvu9TUimTw0GakNe61Kb0hjxwcb2vPsQ==",
      "dependencies": {
        "@jitl/quickjs-ffi-types": "0.27.0"
      }
    },
    "node_modules/@jitl/quickjs-wasmfile-release-sync": {
      "version": "0.27.0",
      "resolved": "file:../../build/tar/@jitl-quickjs-wasmfile-release-sync.tgz",
      "integrity": "sha512-8YxCA85he2ZXE83W2r7sHGgNr/A6bA58xhwltpv94EvD060UbQJz6WzKeFrHj+nwyTDsQ/eJNUT1wflneiUFHw==",
      "dependencies": {
        "@jitl/quickjs-ffi-types": "0.27.0"
      }
    },
    "node_modules/quickjs-emscripten": {
      "version": "0.27.0",
      "resolved": "file:../../build/tar/quickjs-emscripten.tgz",
      "integrity": "sha512-0jGQ9Ht4lpk1q3rclBEAPRpLy9QB1IwFj27JmKU9k2NR9tjshcW/icCH+XYWqSnb44Ugh6Fy8H8Z0lAF05+t7w==",
      "license": "MIT",
      "dependencies": {
        "@jitl/quickjs-wasmfile-debug-asyncify": "0.27.0",
        "@jitl/quickjs-wasmfile-debug-sync": "0.27.0",
        "@jitl/quickjs-wasmfile-release-asyncify": "0.27.0",
        "@jitl/quickjs-wasmfile-release-sync": "0.27.0",
        "quickjs-emscripten-core": "0.27.0"
      },
      "engines": {
        "node": ">=16.0.0"
      }
    },
    "node_modules/quickjs-emscripten-core": {
      "version": "0.27.0",
      "resolved": "file:../../build/tar/quickjs-emscripten-core.tgz",
      "integrity": "sha512-rjxkeWBcwAVav8vR0o+ome+LDI8+v5pY93PZpBXS+1vf5Z8mN0mOR7t2YHDDxhc5b/albeF9FpDZDytoXh0RJQ==",
      "license": "MIT",
      "dependencies": {
        "@jitl/quickjs-ffi-types": "0.27.0"
      }
    },
    "node_modules/typescript": {
      "version": "5.3.3",
      "resolved": "https://registry.npmjs.org/typescript/-/typescript-5.3.3.tgz",
      "integrity": "sha512-pXWcraxM0uxAS+tN0AG/BF2TyqmHO014Z070UsJ+pFvYuRSq8KH8DmWpnbXe0pEPDHXZV3FcAbJkijJ5oNEnWw==",
      "bin": {
        "tsc": "bin/tsc",
        "tsserver": "bin/tsserver"
      },
      "engines": {
        "node": ">=14.17"
      }
    }
  }
}
