{
  "name": "quickjs-emscripten-smoketest",
  "version": "1.0.0",
  "lockfileVersion": 3,
  "requires": true,
  "packages": {
    "": {
      "name": "quickjs-emscripten-smoketest",
      "version": "1.0.0",
      "license": "MIT",
      "dependencies": {
        "@jitl/quickjs-ffi-types": "file:../../build/tar/@jitl-quickjs-ffi-types.tgz",
        "@jitl/quickjs-wasmfile-debug-asyncify": "file:../../build/tar/@jitl-quickjs-wasmfile-debug-asyncify.tgz",
        "@jitl/quickjs-wasmfile-debug-sync": "file:../../build/tar/@jitl-quickjs-wasmfile-debug-sync.tgz",
        "@jitl/quickjs-wasmfile-release-asyncify": "file:../../build/tar/@jitl-quickjs-wasmfile-release-asyncify.tgz",
        "@jitl/quickjs-wasmfile-release-sync": "file:../../build/tar/@jitl-quickjs-wasmfile-release-sync.tgz",
        "quickjs-emscripten": "file:../../build/tar/quickjs-emscripten.tgz",
        "quickjs-emscripten-core": "file:../../build/tar/quickjs-emscripten-core.tgz",
        "typescript": "5"
      }
    },
    "node_modules/@jitl/quickjs-ffi-types": {
      "version": "0.25.1",
      "resolved": "file:../../build/tar/@jitl-quickjs-ffi-types.tgz",
      "integrity": "sha512-rwE+Z6RxDpdRKX3i+V9zEO3vJ6D5mnq8APWr3WTG3u/rtQR5MboEbUkLlrHmS0ftYuEacLhBECGMKjBKdQcrIA=="
    },
    "node_modules/@jitl/quickjs-wasmfile-debug-asyncify": {
      "version": "0.25.1",
      "resolved": "file:../../build/tar/@jitl-quickjs-wasmfile-debug-asyncify.tgz",
      "integrity": "sha512-0bN7QFjKdoIVMXhU37ehNbeP1pHWsmsr/shfziKnQq13u9wnJHIcOdgX/PC+UeiYRLGEb8MRKHi47bCYJMSWpQ==",
      "dependencies": {
        "@jitl/quickjs-ffi-types": "0.25.1"
      }
    },
    "node_modules/@jitl/quickjs-wasmfile-debug-sync": {
      "version": "0.25.1",
      "resolved": "file:../../build/tar/@jitl-quickjs-wasmfile-debug-sync.tgz",
      "integrity": "sha512-+y9Q+jhfl/5xaBqcfBSI5LRMjNrYJTHpH2d6cAjpBvzc5ijeG6GM+CoYDg0T4+1gXCgIXzi71ChoTPCc4hx20g==",
      "dependencies": {
        "@jitl/quickjs-ffi-types": "0.25.1"
      }
    },
    "node_modules/@jitl/quickjs-wasmfile-release-asyncify": {
      "version": "0.25.1",
      "resolved": "file:../../build/tar/@jitl-quickjs-wasmfile-release-asyncify.tgz",
      "integrity": "sha512-vWaSYpmYl/8aPICn+ZTAFsq6wRhLgR3MOvFsun+jTD/vZEKTM1ETa0+QXK4S1Ii2uhUNDaRhBTw/N4lE1FlnDA==",
      "dependencies": {
        "@jitl/quickjs-ffi-types": "0.25.1"
      }
    },
    "node_modules/@jitl/quickjs-wasmfile-release-sync": {
      "version": "0.25.1",
      "resolved": "file:../../build/tar/@jitl-quickjs-wasmfile-release-sync.tgz",
      "integrity": "sha512-ONGiWzUe6MWoJezanVgOWYTisjJu4iKZsHfgBprvtoqWDaU82tk8VWOIa42lQng2ch6T2XeZjZHVnCKSB9uydw==",
      "dependencies": {
        "@jitl/quickjs-ffi-types": "0.25.1"
      }
    },
    "node_modules/quickjs-emscripten": {
      "version": "0.25.1",
      "resolved": "file:../../build/tar/quickjs-emscripten.tgz",
      "integrity": "sha512-GbbZ23vV++ra2IB0ocaA1u6GOWPryS43uadDiD022xSvEAeHvA6uvmuzkE3P1UoGQmACvSSty2ZXaUQvmDSn7A==",
      "license": "MIT",
      "dependencies": {
        "@jitl/quickjs-wasmfile-debug-asyncify": "0.25.1",
        "@jitl/quickjs-wasmfile-debug-sync": "0.25.1",
        "@jitl/quickjs-wasmfile-release-asyncify": "0.25.1",
        "@jitl/quickjs-wasmfile-release-sync": "0.25.1",
        "quickjs-emscripten-core": "0.25.1"
      },
      "engines": {
        "node": ">=16.0.0"
      }
    },
    "node_modules/quickjs-emscripten-core": {
      "version": "0.25.1",
      "resolved": "file:../../build/tar/quickjs-emscripten-core.tgz",
      "integrity": "sha512-S8LXDaZE92xEUi8D22SN1t5Uedsmep0Kr02vDIftmRJ4m6IsPTzvoZX4OD88W5Xdzl9qL/i/dPpNM1jhLu8P1Q==",
      "license": "MIT",
      "dependencies": {
        "@jitl/quickjs-ffi-types": "0.25.1"
      }
    },
    "node_modules/typescript": {
      "version": "5.3.3",
      "resolved": "https://registry.npmjs.org/typescript/-/typescript-5.3.3.tgz",
      "integrity": "sha512-pXWcraxM0uxAS+tN0AG/BF2TyqmHO014Z070UsJ+pFvYuRSq8KH8DmWpnbXe0pEPDHXZV3FcAbJkijJ5oNEnWw==",
      "bin": {
        "tsc": "bin/tsc",
        "tsserver": "bin/tsserver"
      },
      "engines": {
        "node": ">=14.17"
      }
    }
  }
}
