{
  "name": "quickjs-emscripten-smoketest",
  "version": "1.0.0",
  "lockfileVersion": 3,
  "requires": true,
  "packages": {
    "": {
      "name": "quickjs-emscripten-smoketest",
      "version": "1.0.0",
      "license": "MIT",
      "dependencies": {
        "@jitl/quickjs-ffi-types": "file:../../build/tar/@jitl-quickjs-ffi-types.tgz",
        "@jitl/quickjs-wasmfile-debug-asyncify": "file:../../build/tar/@jitl-quickjs-wasmfile-debug-asyncify.tgz",
        "@jitl/quickjs-wasmfile-debug-sync": "file:../../build/tar/@jitl-quickjs-wasmfile-debug-sync.tgz",
        "@jitl/quickjs-wasmfile-release-asyncify": "file:../../build/tar/@jitl-quickjs-wasmfile-release-asyncify.tgz",
        "@jitl/quickjs-wasmfile-release-sync": "file:../../build/tar/@jitl-quickjs-wasmfile-release-sync.tgz",
        "quickjs-emscripten": "file:../../build/tar/quickjs-emscripten.tgz",
        "quickjs-emscripten-core": "file:../../build/tar/quickjs-emscripten-core.tgz",
        "typescript": "5"
      }
    },
    "node_modules/@jitl/quickjs-ffi-types": {
      "version": "0.25.0-rc.7",
      "resolved": "file:../../build/tar/@jitl-quickjs-ffi-types.tgz",
      "integrity": "sha512-i5n7mzUFkPNf2GcTBSgaEBDKrdK+pooRa4nV53A8QOOkIFDY5RI27JMASR2uhH2wrkUCRqcLVWMA92VB0CS87A=="
    },
    "node_modules/@jitl/quickjs-wasmfile-debug-asyncify": {
      "version": "0.25.0-rc.7",
      "resolved": "file:../../build/tar/@jitl-quickjs-wasmfile-debug-asyncify.tgz",
      "integrity": "sha512-tWFS+A3jHj7VRz/svRTbprSbl5qHmmCO3oaMRAEE5JNA2egtgT21bAvT0Wm/AIkCLnO+YpQCds6xp9cJMFdRuA==",
      "dependencies": {
        "@jitl/quickjs-ffi-types": "0.25.0-rc.7"
      }
    },
    "node_modules/@jitl/quickjs-wasmfile-debug-sync": {
      "version": "0.25.0-rc.7",
      "resolved": "file:../../build/tar/@jitl-quickjs-wasmfile-debug-sync.tgz",
      "integrity": "sha512-ZhTtXLgasYiEQSwwpCuueO44kV0zkWbSNDYxeg2zGCe82sIIMRsVgYq+nvQXvIR0JoFzB+/gJg0GbWtMsYVVcg==",
      "dependencies": {
        "@jitl/quickjs-ffi-types": "0.25.0-rc.7"
      }
    },
    "node_modules/@jitl/quickjs-wasmfile-release-asyncify": {
      "version": "0.25.0-rc.7",
      "resolved": "file:../../build/tar/@jitl-quickjs-wasmfile-release-asyncify.tgz",
      "integrity": "sha512-X7SWwtwSAhqPW5Advts3xOereqWq+TaYyIqgmceeczSKH+JUXuFYhLbyV5as0nW7wS9/m5KRw6v9usldLUEGjw==",
      "dependencies": {
        "@jitl/quickjs-ffi-types": "0.25.0-rc.7"
      }
    },
    "node_modules/@jitl/quickjs-wasmfile-release-sync": {
      "version": "0.25.0-rc.7",
      "resolved": "file:../../build/tar/@jitl-quickjs-wasmfile-release-sync.tgz",
      "integrity": "sha512-oGd1fuBCExmiIiNpT87iY3m8dsVhQgy+9ivBwnCXuYGsXyXYMlNbi3bOK5mf6wD8BBVmv0oWL1pmDod5wo4S/A==",
      "dependencies": {
        "@jitl/quickjs-ffi-types": "0.25.0-rc.7"
      }
    },
    "node_modules/quickjs-emscripten": {
      "version": "0.25.0-rc.7",
      "resolved": "file:../../build/tar/quickjs-emscripten.tgz",
      "integrity": "sha512-VO3LphNA/rf+Xe5ZoHm41xmyKfalSSoleZidgIBZKpzdlSe7ofdzGX+6w1KOV3np0IO5t89W3aR4hxb8VrlZRQ==",
      "license": "MIT",
      "dependencies": {
        "@jitl/quickjs-wasmfile-debug-asyncify": "0.25.0-rc.7",
        "@jitl/quickjs-wasmfile-debug-sync": "0.25.0-rc.7",
        "@jitl/quickjs-wasmfile-release-asyncify": "0.25.0-rc.7",
        "@jitl/quickjs-wasmfile-release-sync": "0.25.0-rc.7",
        "quickjs-emscripten-core": "0.25.0-rc.7"
      },
      "engines": {
        "node": ">=16.0.0"
      }
    },
    "node_modules/quickjs-emscripten-core": {
      "version": "0.25.0-rc.7",
      "resolved": "file:../../build/tar/quickjs-emscripten-core.tgz",
      "integrity": "sha512-tty1MtuDy+3X61kPHmaDeGQPv3HKbbRk8x2SKvhNgMi4T/GLLa/9DV20xsu2B2kLTjgbCXwraDG8uTgPjgnjhg==",
      "license": "MIT",
      "dependencies": {
        "@jitl/quickjs-ffi-types": "0.25.0-rc.7"
      }
    },
    "node_modules/typescript": {
      "version": "5.3.3",
      "resolved": "https://registry.npmjs.org/typescript/-/typescript-5.3.3.tgz",
      "integrity": "sha512-pXWcraxM0uxAS+tN0AG/BF2TyqmHO014Z070UsJ+pFvYuRSq8KH8DmWpnbXe0pEPDHXZV3FcAbJkijJ5oNEnWw==",
      "bin": {
        "tsc": "bin/tsc",
        "tsserver": "bin/tsserver"
      },
      "engines": {
        "node": ">=14.17"
      }
    }
  }
}
