{
  "name": "quickjs-emscripten-smoketest",
  "version": "1.0.0",
  "lockfileVersion": 3,
  "requires": true,
  "packages": {
    "": {
      "name": "quickjs-emscripten-smoketest",
      "version": "1.0.0",
      "license": "MIT",
      "dependencies": {
        "@jitl/quickjs-ffi-types": "file:../../build/tar/@jitl-quickjs-ffi-types.tgz",
        "@jitl/quickjs-wasmfile-debug-asyncify": "file:../../build/tar/@jitl-quickjs-wasmfile-debug-asyncify.tgz",
        "@jitl/quickjs-wasmfile-debug-sync": "file:../../build/tar/@jitl-quickjs-wasmfile-debug-sync.tgz",
        "@jitl/quickjs-wasmfile-release-asyncify": "file:../../build/tar/@jitl-quickjs-wasmfile-release-asyncify.tgz",
        "@jitl/quickjs-wasmfile-release-sync": "file:../../build/tar/@jitl-quickjs-wasmfile-release-sync.tgz",
        "quickjs-emscripten": "file:../../build/tar/quickjs-emscripten.tgz",
        "quickjs-emscripten-core": "file:../../build/tar/quickjs-emscripten-core.tgz",
        "typescript": "5"
      }
    },
    "node_modules/@jitl/quickjs-ffi-types": {
      "version": "0.26.0",
      "resolved": "file:../../build/tar/@jitl-quickjs-ffi-types.tgz",
      "integrity": "sha512-49pRXLrdnhglSm5tzBcoa8Q0H5Gscm9IgzQKLeBWYJnDzLoWw4SLZspRTxfxB168uUmwszWy0uBCG6QZYvDTxw=="
    },
    "node_modules/@jitl/quickjs-wasmfile-debug-asyncify": {
      "version": "0.26.0",
      "resolved": "file:../../build/tar/@jitl-quickjs-wasmfile-debug-asyncify.tgz",
      "integrity": "sha512-uApydMFA2re/zR2ITUjpua7AD9wJgoPayyldxAh7c0Y0eh+Q1ttJL54HzfEU6Jh4kEver28YpqaEcj9/4d96bw==",
      "dependencies": {
        "@jitl/quickjs-ffi-types": "0.26.0"
      }
    },
    "node_modules/@jitl/quickjs-wasmfile-debug-sync": {
      "version": "0.26.0",
      "resolved": "file:../../build/tar/@jitl-quickjs-wasmfile-debug-sync.tgz",
      "integrity": "sha512-M5BeymxjnFunAWHwfgj3uEv0LvWdzjHugOuieygVMoi+fQ020o4rlCcjbttqZZiFgII8HWV4jbBm4vwsbgbCaw==",
      "dependencies": {
        "@jitl/quickjs-ffi-types": "0.26.0"
      }
    },
    "node_modules/@jitl/quickjs-wasmfile-release-asyncify": {
      "version": "0.26.0",
      "resolved": "file:../../build/tar/@jitl-quickjs-wasmfile-release-asyncify.tgz",
      "integrity": "sha512-TLgIZAv292dW2I6PoM2yKPR5t+XqKDZS/Sezy8pi8rsZamDscjt9AM8f2QA+YNpyUPU4zTcaUX3Ccp5bj8d20w==",
      "dependencies": {
        "@jitl/quickjs-ffi-types": "0.26.0"
      }
    },
    "node_modules/@jitl/quickjs-wasmfile-release-sync": {
      "version": "0.26.0",
      "resolved": "file:../../build/tar/@jitl-quickjs-wasmfile-release-sync.tgz",
      "integrity": "sha512-6VLyG89jAcIv/Y868yVaZD1K/uqguH2eHHL5DCXiYHSR6Q614LeRRtAVXygRu8MtOWKZ0O6Uong/KzJ+1hLEHg==",
      "dependencies": {
        "@jitl/quickjs-ffi-types": "0.26.0"
      }
    },
    "node_modules/quickjs-emscripten": {
      "version": "0.26.0",
      "resolved": "file:../../build/tar/quickjs-emscripten.tgz",
      "integrity": "sha512-0xv4U8lyWDzXbXZUxoNIGATlI7+j57LmeYZRsQDym3yLDJDnG3o9AVNorQniGRw+CmeuMSufNLtfwPw9U/r3QA==",
      "license": "MIT",
      "dependencies": {
        "@jitl/quickjs-wasmfile-debug-asyncify": "0.26.0",
        "@jitl/quickjs-wasmfile-debug-sync": "0.26.0",
        "@jitl/quickjs-wasmfile-release-asyncify": "0.26.0",
        "@jitl/quickjs-wasmfile-release-sync": "0.26.0",
        "quickjs-emscripten-core": "0.26.0"
      },
      "engines": {
        "node": ">=16.0.0"
      }
    },
    "node_modules/quickjs-emscripten-core": {
      "version": "0.26.0",
      "resolved": "file:../../build/tar/quickjs-emscripten-core.tgz",
      "integrity": "sha512-RFglP182/9sTYirChNUsQOIbH70goOMe4rVr0G4aJykIk0m9ogglUvhXP7iANOeA9CFCKB93ORp6DJ5KJctbKg==",
      "license": "MIT",
      "dependencies": {
        "@jitl/quickjs-ffi-types": "0.26.0"
      }
    },
    "node_modules/typescript": {
      "version": "5.3.3",
      "license": "Apache-2.0",
      "bin": {
        "tsc": "bin/tsc",
        "tsserver": "bin/tsserver"
      },
      "engines": {
        "node": ">=14.17"
      }
    }
  }
}
